// !$*UTF8*$!
{
	archiveVersion = 1;
	classes = {
	};
	objectVersion = 44;
	objects = {

/* Begin PBXBuildFile section */
		508817F209F0CAA80071BF1A /* wacvst.cp in Sources */ = {isa = PBXBuildFile; fileRef = 508817F109F0CAA80071BF1A /* wacvst.cp */; };
		5088180A09F0CE0A0071BF1A /* CoreFoundation.framework in Frameworks */ = {isa = PBXBuildFile; fileRef = 5088180909F0CE0A0071BF1A /* CoreFoundation.framework */; };
		55B0C3AD0FCCED1800A11DA9 /* paths.cpp in Sources */ = {isa = PBXBuildFile; fileRef = 55B0C3AB0FCCED1800A11DA9 /* paths.cpp */; };
		55B0C3B10FCCED3C00A11DA9 /* rdwrops.cpp in Sources */ = {isa = PBXBuildFile; fileRef = 55B0C3AF0FCCED3C00A11DA9 /* rdwrops.cpp */; };
		55B0C3B30FCCED4700A11DA9 /* remotepluginclient.cpp in Sources */ = {isa = PBXBuildFile; fileRef = 55B0C3B20FCCED4700A11DA9 /* remotepluginclient.cpp */; };
		55B0C3B60FCCED6700A11DA9 /* remotevstclient.cpp in Sources */ = {isa = PBXBuildFile; fileRef = 55B0C3B40FCCED6700A11DA9 /* remotevstclient.cpp */; };
		55B0C3BA0FCCED9100A11DA9 /* config.plist in Resources */ = {isa = PBXBuildFile; fileRef = 55B0C3B90FCCED9100A11DA9 /* config.plist */; };
		55D0F0770FE32FAB0079E0AB /* dssi-vst-server.exe.so in Resources */ = {isa = PBXBuildFile; fileRef = 55D0F0760FE32FAB0079E0AB /* dssi-vst-server.exe.so */; };
/* End PBXBuildFile section */

/* Begin PBXFileReference section */
		508817D409F0C9AD0071BF1A /* wacvst.vst */ = {isa = PBXFileReference; explicitFileType = wrapper.cfbundle; includeInIndex = 0; path = wacvst.vst; sourceTree = BUILT_PRODUCTS_DIR; };
		508817D609F0C9AD0071BF1A /* wacvst-Info.plist */ = {isa = PBXFileReference; explicitFileType = text.plist.xml; path = "wacvst-Info.plist"; sourceTree = "<group>"; };
		508817E609F0CA040071BF1A /* wacvstProj.xcconfig */ = {isa = PBXFileReference; fileEncoding = 30; lastKnownFileType = text.xcconfig; path = wacvstProj.xcconfig; sourceTree = "<group>"; };
		508817E709F0CA040071BF1A /* wacvstTarget.xcconfig */ = {isa = PBXFileReference; fileEncoding = 30; lastKnownFileType = text.xcconfig; path = wacvstTarget.xcconfig; sourceTree = "<group>"; };
		508817F009F0CAA80071BF1A /* wacvst.h */ = {isa = PBXFileReference; fileEncoding = 4; lastKnownFileType = sourcecode.c.h; path = wacvst.h; sourceTree = "<group>"; };
		508817F109F0CAA80071BF1A /* wacvst.cp */ = {isa = PBXFileReference; fileEncoding = 4; lastKnownFileType = sourcecode.cpp.cpp; path = wacvst.cp; sourceTree = "<group>"; };
		5088180109F0CD740071BF1A /* wacvstPriv.h */ = {isa = PBXFileReference; fileEncoding = 4; lastKnownFileType = sourcecode.c.h; path = wacvstPriv.h; sourceTree = "<group>"; };
		5088180909F0CE0A0071BF1A /* CoreFoundation.framework */ = {isa = PBXFileReference; lastKnownFileType = wrapper.framework; name = CoreFoundation.framework; path = /System/Library/Frameworks/CoreFoundation.framework; sourceTree = "<absolute>"; };
		5088181409F0CE7B0071BF1A /* wacvst_Prefix.pch */ = {isa = PBXFileReference; fileEncoding = 4; lastKnownFileType = sourcecode.c.h; path = wacvst_Prefix.pch; sourceTree = "<group>"; };
		55B02A6210181532003892B2 /* remoteplugin.h */ = {isa = PBXFileReference; fileEncoding = 4; lastKnownFileType = sourcecode.c.h; path = remoteplugin.h; sourceTree = "<group>"; };
		55B0C3AB0FCCED1800A11DA9 /* paths.cpp */ = {isa = PBXFileReference; fileEncoding = 4; lastKnownFileType = sourcecode.cpp.cpp; path = paths.cpp; sourceTree = "<group>"; };
		55B0C3AC0FCCED1800A11DA9 /* paths.h */ = {isa = PBXFileReference; fileEncoding = 4; lastKnownFileType = sourcecode.c.h; path = paths.h; sourceTree = "<group>"; };
		55B0C3AE0FCCED2F00A11DA9 /* aeffectx.h */ = {isa = PBXFileReference; fileEncoding = 4; lastKnownFileType = sourcecode.c.h; name = aeffectx.h; path = ../../Downloads/vstsdk2.4/pluginterfaces/vst2.x/aeffectx.h; sourceTree = SOURCE_ROOT; };
		55B0C3AF0FCCED3C00A11DA9 /* rdwrops.cpp */ = {isa = PBXFileReference; fileEncoding = 4; lastKnownFileType = sourcecode.cpp.cpp; path = rdwrops.cpp; sourceTree = "<group>"; };
		55B0C3B00FCCED3C00A11DA9 /* rdwrops.h */ = {isa = PBXFileReference; fileEncoding = 4; lastKnownFileType = sourcecode.c.h; path = rdwrops.h; sourceTree = "<group>"; };
		55B0C3B20FCCED4700A11DA9 /* remotepluginclient.cpp */ = {isa = PBXFileReference; fileEncoding = 4; lastKnownFileType = sourcecode.cpp.cpp; path = remotepluginclient.cpp; sourceTree = "<group>"; };
		55B0C3B40FCCED6700A11DA9 /* remotevstclient.cpp */ = {isa = PBXFileReference; fileEncoding = 4; lastKnownFileType = sourcecode.cpp.cpp; path = remotevstclient.cpp; sourceTree = "<group>"; };
		55B0C3B50FCCED6700A11DA9 /* remotevstclient.h */ = {isa = PBXFileReference; fileEncoding = 4; lastKnownFileType = sourcecode.c.h; path = remotevstclient.h; sourceTree = "<group>"; };
		55B0C3B80FCCED7A00A11DA9 /* remotepluginclient.h */ = {isa = PBXFileReference; fileEncoding = 4; lastKnownFileType = sourcecode.c.h; path = remotepluginclient.h; sourceTree = "<group>"; };
		55B0C3B90FCCED9100A11DA9 /* config.plist */ = {isa = PBXFileReference; fileEncoding = 4; lastKnownFileType = text.plist.xml; path = config.plist; sourceTree = "<group>"; };
		55D0F0760FE32FAB0079E0AB /* dssi-vst-server.exe.so */ = {isa = PBXFileReference; lastKnownFileType = "compiled.mach-o.bundle"; path = "dssi-vst-server.exe.so"; sourceTree = "<group>"; };
/* End PBXFileReference section */

/* Begin PBXFrameworksBuildPhase section */
		508817D209F0C9AD0071BF1A /* Frameworks */ = {
			isa = PBXFrameworksBuildPhase;
			buildActionMask = 2147483647;
			files = (
				5088180A09F0CE0A0071BF1A /* CoreFoundation.framework in Frameworks */,
			);
			runOnlyForDeploymentPostprocessing = 0;
		};
/* End PBXFrameworksBuildPhase section */

/* Begin PBXGroup section */
		508817C209F0C9740071BF1A = {
			isa = PBXGroup;
			children = (
				508817F509F0CAB50071BF1A /* Sources */,
				55D0F0750FE32F200079E0AB /* Resources */,
				508817E509F0C9EF0071BF1A /* Configuration Files */,
				5088180609F0CDD00071BF1A /* External Frameworks and Libraries */,
				508817D509F0C9AD0071BF1A /* Products */,
			);
			sourceTree = "<group>";
		};
		508817D509F0C9AD0071BF1A /* Products */ = {
			isa = PBXGroup;
			children = (
				508817D409F0C9AD0071BF1A /* wacvst.vst */,
			);
			name = Products;
			sourceTree = "<group>";
		};
		508817E509F0C9EF0071BF1A /* Configuration Files */ = {
			isa = PBXGroup;
			children = (
				508817E609F0CA040071BF1A /* wacvstProj.xcconfig */,
				508817E709F0CA040071BF1A /* wacvstTarget.xcconfig */,
			);
			name = "Configuration Files";
			sourceTree = "<group>";
		};
		508817F509F0CAB50071BF1A /* Sources */ = {
			isa = PBXGroup;
			children = (
				55B0C3AE0FCCED2F00A11DA9 /* aeffectx.h */,
				55B0C3AB0FCCED1800A11DA9 /* paths.cpp */,
				55B0C3AC0FCCED1800A11DA9 /* paths.h */,
				55B0C3AF0FCCED3C00A11DA9 /* rdwrops.cpp */,
				55B0C3B00FCCED3C00A11DA9 /* rdwrops.h */,
				55B02A6210181532003892B2 /* remoteplugin.h */,
				55B0C3B80FCCED7A00A11DA9 /* remotepluginclient.h */,
				55B0C3B20FCCED4700A11DA9 /* remotepluginclient.cpp */,
				55B0C3B40FCCED6700A11DA9 /* remotevstclient.cpp */,
				55B0C3B50FCCED6700A11DA9 /* remotevstclient.h */,
				5088181409F0CE7B0071BF1A /* wacvst_Prefix.pch */,
				508817F009F0CAA80071BF1A /* wacvst.h */,
				5088180109F0CD740071BF1A /* wacvstPriv.h */,
				508817F109F0CAA80071BF1A /* wacvst.cp */,
			);
			name = Sources;
			sourceTree = "<group>";
		};
		5088180609F0CDD00071BF1A /* External Frameworks and Libraries */ = {
			isa = PBXGroup;
			children = (
				5088180909F0CE0A0071BF1A /* CoreFoundation.framework */,
			);
			name = "External Frameworks and Libraries";
			sourceTree = "<group>";
		};
		55D0F0750FE32F200079E0AB /* Resources */ = {
			isa = PBXGroup;
			children = (
				55B0C3B90FCCED9100A11DA9 /* config.plist */,
				55D0F0760FE32FAB0079E0AB /* dssi-vst-server.exe.so */,
				508817D609F0C9AD0071BF1A /* wacvst-Info.plist */,
			);
			name = Resources;
			sourceTree = "<group>";
		};
/* End PBXGroup section */

/* Begin PBXNativeTarget section */
		508817D309F0C9AD0071BF1A /* wacvst */ = {
			isa = PBXNativeTarget;
			buildConfigurationList = 508817D709F0C9AE0071BF1A /* Build configuration list for PBXNativeTarget "wacvst" */;
			buildPhases = (
				508817D009F0C9AD0071BF1A /* Resources */,
				508817D109F0C9AD0071BF1A /* Sources */,
				508817D209F0C9AD0071BF1A /* Frameworks */,
			);
			buildRules = (
			);
			dependencies = (
			);
			name = wacvst;
			productName = wacvst;
			productReference = 508817D409F0C9AD0071BF1A /* wacvst.vst */;
			productType = "com.apple.product-type.bundle";
		};
/* End PBXNativeTarget section */

/* Begin PBXProject section */
		508817C409F0C9740071BF1A /* Project object */ = {
			isa = PBXProject;
			buildConfigurationList = 508817C509F0C9740071BF1A /* Build configuration list for PBXProject "wacvst" */;
			compatibilityVersion = "Xcode 3.0";
			developmentRegion = English;
			hasScannedForEncodings = 0;
			knownRegions = (
				English,
				Japanese,
				French,
				German,
			);
			mainGroup = 508817C209F0C9740071BF1A;
			productRefGroup = 508817D509F0C9AD0071BF1A /* Products */;
			projectDirPath = "";
			projectRoot = "";
			targets = (
				508817D309F0C9AD0071BF1A /* wacvst */,
			);
		};
/* End PBXProject section */

/* Begin PBXResourcesBuildPhase section */
		508817D009F0C9AD0071BF1A /* Resources */ = {
			isa = PBXResourcesBuildPhase;
			buildActionMask = 2147483647;
			files = (
				55B0C3BA0FCCED9100A11DA9 /* config.plist in Resources */,
				55D0F0770FE32FAB0079E0AB /* dssi-vst-server.exe.so in Resources */,
			);
			runOnlyForDeploymentPostprocessing = 0;
		};
/* End PBXResourcesBuildPhase section */

/* Begin PBXSourcesBuildPhase section */
		508817D109F0C9AD0071BF1A /* Sources */ = {
			isa = PBXSourcesBuildPhase;
			buildActionMask = 2147483647;
			files = (
				508817F209F0CAA80071BF1A /* wacvst.cp in Sources */,
				55B0C3AD0FCCED1800A11DA9 /* paths.cpp in Sources */,
				55B0C3B10FCCED3C00A11DA9 /* rdwrops.cpp in Sources */,
				55B0C3B30FCCED4700A11DA9 /* remotepluginclient.cpp in Sources */,
				55B0C3B60FCCED6700A11DA9 /* remotevstclient.cpp in Sources */,
			);
			runOnlyForDeploymentPostprocessing = 0;
		};
/* End PBXSourcesBuildPhase section */

/* Begin XCBuildConfiguration section */
		508817C609F0C9740071BF1A /* Debug */ = {
			isa = XCBuildConfiguration;
			baseConfigurationReference = 508817E609F0CA040071BF1A /* wacvstProj.xcconfig */;
			buildSettings = {
				GCC_WARN_ABOUT_RETURN_TYPE = YES;
				GCC_WARN_UNUSED_VARIABLE = YES;
				PREBINDING = NO;
				SDKROOT = "$(DEVELOPER_SDK_DIR)/MacOSX10.5.sdk";
				VALID_ARCHS = "ppc64 ppc7400 ppc970 i386 x86_64 ppc";
				WRAPPER_EXTENSION = "";
			};
			name = Debug;
		};
		508817C709F0C9740071BF1A /* Release */ = {
			isa = XCBuildConfiguration;
			baseConfigurationReference = 508817E609F0CA040071BF1A /* wacvstProj.xcconfig */;
			buildSettings = {
				ARCHS = i386;
				GCC_WARN_ABOUT_RETURN_TYPE = YES;
				GCC_WARN_UNUSED_VARIABLE = YES;
				PREBINDING = NO;
				SDKROOT = "$(DEVELOPER_SDK_DIR)/MacOSX10.5.sdk";
				VALID_ARCHS = "ppc64 ppc7400 ppc970 i386 x86_64 ppc";
				WRAPPER_EXTENSION = "";
			};
			name = Release;
		};
		508817D809F0C9AE0071BF1A /* Debug */ = {
			isa = XCBuildConfiguration;
			baseConfigurationReference = 508817E709F0CA040071BF1A /* wacvstTarget.xcconfig */;
			buildSettings = {
				COPY_PHASE_STRIP = NO;
				GCC_DYNAMIC_NO_PIC = NO;
				GCC_ENABLE_FIX_AND_CONTINUE = YES;
				GCC_MODEL_TUNING = G5;
				GCC_OPTIMIZATION_LEVEL = 0;
				GCC_PRECOMPILE_PREFIX_HEADER = YES;
				GCC_PREFIX_HEADER = wacvst_Prefix.pch;
				GCC_PREPROCESSOR_DEFINITIONS = (
					"_GLIBCXX_DEBUG=1",
					"_GLIBCXX_DEBUG_PEDANTIC=1",
				);
				STANDARD_C_PLUS_PLUS_LIBRARY_TYPE = static;
				WRAPPER_EXTENSION = vst;
				ZERO_LINK = YES;
			};
			name = Debug;
		};
		508817D909F0C9AE0071BF1A /* Release */ = {
			isa = XCBuildConfiguration;
			baseConfigurationReference = 508817E709F0CA040071BF1A /* wacvstTarget.xcconfig */;
			buildSettings = {
				DEBUG_INFORMATION_FORMAT = "dwarf-with-dsym";
				GCC_MODEL_TUNING = G5;
				GCC_PRECOMPILE_PREFIX_HEADER = YES;
				GCC_PREFIX_HEADER = wacvst_Prefix.pch;
				STANDARD_C_PLUS_PLUS_LIBRARY_TYPE = static;
				STRIP_INSTALLED_PRODUCT = YES;
				STRIP_STYLE = "non-global";
				WRAPPER_EXTENSION = vst;
			};
			name = Release;
		};
/* End XCBuildConfiguration section */

/* Begin XCConfigurationList section */
		508817C509F0C9740071BF1A /* Build configuration list for PBXProject "wacvst" */ = {
			isa = XCConfigurationList;
			buildConfigurations = (
				508817C609F0C9740071BF1A /* Debug */,
				508817C709F0C9740071BF1A /* Release */,
			);
			defaultConfigurationIsVisible = 0;
			defaultConfigurationName = Release;
		};
		508817D709F0C9AE0071BF1A /* Build configuration list for PBXNativeTarget "wacvst" */ = {
			isa = XCConfigurationList;
			buildConfigurations = (
				508817D809F0C9AE0071BF1A /* Debug */,
				508817D909F0C9AE0071BF1A /* Release */,
			);
			defaultConfigurationIsVisible = 0;
			defaultConfigurationName = Release;
		};
/* End XCConfigurationList section */
	};
	rootObject = 508817C409F0C9740071BF1A /* Project object */;
}
